// !$*UTF8*$!
{
	archiveVersion = 1;
	classes = {
	};
	objectVersion = 46;
	objects = {

/* Begin PBXBuildFile section */
		AD654ABA19AB763A00E28307 /* main.swift in Sources */ = {isa = PBXBuildFile; fileRef = AD654AB919AB763A00E28307 /* main.swift */; };
		AD654ABC19AB763A00E28307 /* AppDelegate.swift in Sources */ = {isa = PBXBuildFile; fileRef = AD654ABB19AB763A00E28307 /* AppDelegate.swift */; };
		AD654ABE19AB763A00E28307 /* Images.xcassets in Resources */ = {isa = PBXBuildFile; fileRef = AD654ABD19AB763A00E28307 /* Images.xcassets */; };
		AD654AC119AB763A00E28307 /* MainMenu.xib in Resources */ = {isa = PBXBuildFile; fileRef = AD654ABF19AB763A00E28307 /* MainMenu.xib */; };
		AD654ACD19AB763B00E28307 /* BarmaidHelperTests.swift in Sources */ = {isa = PBXBuildFile; fileRef = AD654ACC19AB763B00E28307 /* BarmaidHelperTests.swift */; };
/* End PBXBuildFile section */

/* Begin PBXContainerItemProxy section */
		AD654AC719AB763B00E28307 /* PBXContainerItemProxy */ = {
			isa = PBXContainerItemProxy;
			containerPortal = AD654AAC19AB763A00E28307 /* Project object */;
			proxyType = 1;
			remoteGlobalIDString = AD654AB319AB763A00E28307;
			remoteInfo = BarmaidHelper;
		};
/* End PBXContainerItemProxy section */

/* Begin PBXFileReference section */
		AD654AB419AB763A00E28307 /* BarmaidHelper.app */ = {isa = PBXFileReference; explicitFileType = wrapper.application; includeInIndex = 0; path = BarmaidHelper.app; sourceTree = BUILT_PRODUCTS_DIR; };
		AD654AB819AB763A00E28307 /* Info.plist */ = {isa = PBXFileReference; lastKnownFileType = text.plist.xml; path = Info.plist; sourceTree = "<group>"; };
		AD654AB919AB763A00E28307 /* main.swift */ = {isa = PBXFileReference; lastKnownFileType = sourcecode.swift; path = main.swift; sourceTree = "<group>"; };
		AD654ABB19AB763A00E28307 /* AppDelegate.swift */ = {isa = PBXFileReference; lastKnownFileType = sourcecode.swift; path = AppDelegate.swift; sourceTree = "<group>"; };
		AD654ABD19AB763A00E28307 /* Images.xcassets */ = {isa = PBXFileReference; lastKnownFileType = folder.assetcatalog; path = Images.xcassets; sourceTree = "<group>"; };
		AD654AC019AB763A00E28307 /* Base */ = {isa = PBXFileReference; lastKnownFileType = file.xib; name = Base; path = Base.lproj/MainMenu.xib; sourceTree = "<group>"; };
		AD654AC619AB763B00E28307 /* BarmaidHelperTests.xctest */ = {isa = PBXFileReference; explicitFileType = wrapper.cfbundle; includeInIndex = 0; path = BarmaidHelperTests.xctest; sourceTree = BUILT_PRODUCTS_DIR; };
		AD654ACB19AB763B00E28307 /* Info.plist */ = {isa = PBXFileReference; lastKnownFileType = text.plist.xml; path = Info.plist; sourceTree = "<group>"; };
		AD654ACC19AB763B00E28307 /* BarmaidHelperTests.swift */ = {isa = PBXFileReference; lastKnownFileType = sourcecode.swift; path = BarmaidHelperTests.swift; sourceTree = "<group>"; };
/* End PBXFileReference section */

/* Begin PBXFrameworksBuildPhase section */
		AD654AB119AB763A00E28307 /* Frameworks */ = {
			isa = PBXFrameworksBuildPhase;
			buildActionMask = 2147483647;
			files = (
			);
			runOnlyForDeploymentPostprocessing = 0;
		};
		AD654AC319AB763B00E28307 /* Frameworks */ = {
			isa = PBXFrameworksBuildPhase;
			buildActionMask = 2147483647;
			files = (
			);
			runOnlyForDeploymentPostprocessing = 0;
		};
/* End PBXFrameworksBuildPhase section */

/* Begin PBXGroup section */
		AD654AAB19AB763A00E28307 = {
			isa = PBXGroup;
			children = (
				AD654AB619AB763A00E28307 /* BarmaidHelper */,
				AD654AC919AB763B00E28307 /* BarmaidHelperTests */,
				AD654AB519AB763A00E28307 /* Products */,
			);
			sourceTree = "<group>";
		};
		AD654AB519AB763A00E28307 /* Products */ = {
			isa = PBXGroup;
			children = (
				AD654AB419AB763A00E28307 /* BarmaidHelper.app */,
				AD654AC619AB763B00E28307 /* BarmaidHelperTests.xctest */,
			);
			name = Products;
			sourceTree = "<group>";
		};
		AD654AB619AB763A00E28307 /* BarmaidHelper */ = {
			isa = PBXGroup;
			children = (
				AD654ABB19AB763A00E28307 /* AppDelegate.swift */,
				AD654ABD19AB763A00E28307 /* Images.xcassets */,
				AD654ABF19AB763A00E28307 /* MainMenu.xib */,
				AD654AB719AB763A00E28307 /* Supporting Files */,
			);
			path = BarmaidHelper;
			sourceTree = "<group>";
		};
		AD654AB719AB763A00E28307 /* Supporting Files */ = {
			isa = PBXGroup;
			children = (
				AD654AB819AB763A00E28307 /* Info.plist */,
				AD654AB919AB763A00E28307 /* main.swift */,
			);
			name = "Supporting Files";
			sourceTree = "<group>";
		};
		AD654AC919AB763B00E28307 /* BarmaidHelperTests */ = {
			isa = PBXGroup;
			children = (
				AD654ACC19AB763B00E28307 /* BarmaidHelperTests.swift */,
				AD654ACA19AB763B00E28307 /* Supporting Files */,
			);
			path = BarmaidHelperTests;
			sourceTree = "<group>";
		};
		AD654ACA19AB763B00E28307 /* Supporting Files */ = {
			isa = PBXGroup;
			children = (
				AD654ACB19AB763B00E28307 /* Info.plist */,
			);
			name = "Supporting Files";
			sourceTree = "<group>";
		};
/* End PBXGroup section */

/* Begin PBXNativeTarget section */
		AD654AB319AB763A00E28307 /* BarmaidHelper */ = {
			isa = PBXNativeTarget;
			buildConfigurationList = AD654AD019AB763B00E28307 /* Build configuration list for PBXNativeTarget "BarmaidHelper" */;
			buildPhases = (
				AD654AB019AB763A00E28307 /* Sources */,
				AD654AB119AB763A00E28307 /* Frameworks */,
				AD654AB219AB763A00E28307 /* Resources */,
			);
			buildRules = (
			);
			dependencies = (
			);
			name = BarmaidHelper;
			productName = BarmaidHelper;
			productReference = AD654AB419AB763A00E28307 /* BarmaidHelper.app */;
			productType = "com.apple.product-type.application";
		};
		AD654AC519AB763B00E28307 /* BarmaidHelperTests */ = {
			isa = PBXNativeTarget;
			buildConfigurationList = AD654AD319AB763B00E28307 /* Build configuration list for PBXNativeTarget "BarmaidHelperTests" */;
			buildPhases = (
				AD654AC219AB763B00E28307 /* Sources */,
				AD654AC319AB763B00E28307 /* Frameworks */,
				AD654AC419AB763B00E28307 /* Resources */,
			);
			buildRules = (
			);
			dependencies = (
				AD654AC819AB763B00E28307 /* PBXTargetDependency */,
			);
			name = BarmaidHelperTests;
			productName = BarmaidHelperTests;
			productReference = AD654AC619AB763B00E28307 /* BarmaidHelperTests.xctest */;
			productType = "com.apple.product-type.bundle.unit-test";
		};
/* End PBXNativeTarget section */

/* Begin PBXProject section */
		AD654AAC19AB763A00E28307 /* Project object */ = {
			isa = PBXProject;
			attributes = {
				LastUpgradeCheck = 0600;
				ORGANIZATIONNAME = "Zen Kyprianou";
				TargetAttributes = {
					AD654AB319AB763A00E28307 = {
						CreatedOnToolsVersion = 6.0;
					};
					AD654AC519AB763B00E28307 = {
						CreatedOnToolsVersion = 6.0;
						TestTargetID = AD654AB319AB763A00E28307;
					};
				};
			};
			buildConfigurationList = AD654AAF19AB763A00E28307 /* Build configuration list for PBXProject "BarmaidHelper" */;
			compatibilityVersion = "Xcode 3.2";
			developmentRegion = English;
			hasScannedForEncodings = 0;
			knownRegions = (
				en,
				Base,
			);
			mainGroup = AD654AAB19AB763A00E28307;
			productRefGroup = AD654AB519AB763A00E28307 /* Products */;
			projectDirPath = "";
			projectRoot = "";
			targets = (
				AD654AB319AB763A00E28307 /* BarmaidHelper */,
				AD654AC519AB763B00E28307 /* BarmaidHelperTests */,
			);
		};
/* End PBXProject section */

/* Begin PBXResourcesBuildPhase section */
		AD654AB219AB763A00E28307 /* Resources */ = {
			isa = PBXResourcesBuildPhase;
			buildActionMask = 2147483647;
			files = (
				AD654ABE19AB763A00E28307 /* Images.xcassets in Resources */,
				AD654AC119AB763A00E28307 /* MainMenu.xib in Resources */,
			);
			runOnlyForDeploymentPostprocessing = 0;
		};
		AD654AC419AB763B00E28307 /* Resources */ = {
			isa = PBXResourcesBuildPhase;
			buildActionMask = 2147483647;
			files = (
			);
			runOnlyForDeploymentPostprocessing = 0;
		};
/* End PBXResourcesBuildPhase section */

/* Begin PBXSourcesBuildPhase section */
		AD654AB019AB763A00E28307 /* Sources */ = {
			isa = PBXSourcesBuildPhase;
			buildActionMask = 2147483647;
			files = (
				AD654ABC19AB763A00E28307 /* AppDelegate.swift in Sources */,
				AD654ABA19AB763A00E28307 /* main.swift in Sources */,
			);
			runOnlyForDeploymentPostprocessing = 0;
		};
		AD654AC219AB763B00E28307 /* Sources */ = {
			isa = PBXSourcesBuildPhase;
			buildActionMask = 2147483647;
			files = (
				AD654ACD19AB763B00E28307 /* BarmaidHelperTests.swift in Sources */,
			);
			runOnlyForDeploymentPostprocessing = 0;
		};
/* End PBXSourcesBuildPhase section */

/* Begin PBXTargetDependency section */
		AD654AC819AB763B00E28307 /* PBXTargetDependency */ = {
			isa = PBXTargetDependency;
			target = AD654AB319AB763A00E28307 /* BarmaidHelper */;
			targetProxy = AD654AC719AB763B00E28307 /* PBXContainerItemProxy */;
		};
/* End PBXTargetDependency section */

/* Begin PBXVariantGroup section */
		AD654ABF19AB763A00E28307 /* MainMenu.xib */ = {
			isa = PBXVariantGroup;
			children = (
				AD654AC019AB763A00E28307 /* Base */,
			);
			name = MainMenu.xib;
			sourceTree = "<group>";
		};
/* End PBXVariantGroup section */

/* Begin XCBuildConfiguration section */
		AD654ACE19AB763B00E28307 /* Debug */ = {
			isa = XCBuildConfiguration;
			buildSettings = {
				ALWAYS_SEARCH_USER_PATHS = NO;
				CLANG_CXX_LANGUAGE_STANDARD = "gnu++0x";
				CLANG_CXX_LIBRARY = "libc++";
				CLANG_ENABLE_MODULES = YES;
				CLANG_ENABLE_OBJC_ARC = YES;
				CLANG_WARN_BOOL_CONVERSION = YES;
				CLANG_WARN_CONSTANT_CONVERSION = YES;
				CLANG_WARN_DIRECT_OBJC_ISA_USAGE = YES_ERROR;
				CLANG_WARN_EMPTY_BODY = YES;
				CLANG_WARN_ENUM_CONVERSION = YES;
				CLANG_WARN_INT_CONVERSION = YES;
				CLANG_WARN_OBJC_ROOT_CLASS = YES_ERROR;
				CLANG_WARN_UNREACHABLE_CODE = YES;
				CLANG_WARN__DUPLICATE_METHOD_MATCH = YES;
				CODE_SIGN_IDENTITY = "-";
				COPY_PHASE_STRIP = NO;
				ENABLE_STRICT_OBJC_MSGSEND = YES;
				GCC_C_LANGUAGE_STANDARD = gnu99;
				GCC_DYNAMIC_NO_PIC = NO;
				GCC_OPTIMIZATION_LEVEL = 0;
				GCC_PREPROCESSOR_DEFINITIONS = (
					"DEBUG=1",
					"$(inherited)",
				);
				GCC_SYMBOLS_PRIVATE_EXTERN = NO;
				GCC_WARN_64_TO_32_BIT_CONVERSION = YES;
				GCC_WARN_ABOUT_RETURN_TYPE = YES_ERROR;
				GCC_WARN_UNDECLARED_SELECTOR = YES;
				GCC_WARN_UNINITIALIZED_AUTOS = YES_AGGRESSIVE;
				GCC_WARN_UNUSED_FUNCTION = YES;
				GCC_WARN_UNUSED_VARIABLE = YES;
				MACOSX_DEPLOYMENT_TARGET = 10.9;
				MTL_ENABLE_DEBUG_INFO = YES;
				ONLY_ACTIVE_ARCH = YES;
				SDKROOT = macosx;
				SWIFT_OPTIMIZATION_LEVEL = "-Onone";
			};
			name = Debug;
		};
		AD654ACF19AB763B00E28307 /* Release */ = {
			isa = XCBuildConfiguration;
			buildSettings = {
				ALWAYS_SEARCH_USER_PATHS = NO;
				CLANG_CXX_LANGUAGE_STANDARD = "gnu++0x";
				CLANG_CXX_LIBRARY = "libc++";
				CLANG_ENABLE_MODULES = YES;
				CLANG_ENABLE_OBJC_ARC = YES;
				CLANG_WARN_BOOL_CONVERSION = YES;
				CLANG_WARN_CONSTANT_CONVERSION = YES;
				CLANG_WARN_DIRECT_OBJC_ISA_USAGE = YES_ERROR;
				CLANG_WARN_EMPTY_BODY = YES;
				CLANG_WARN_ENUM_CONVERSION = YES;
				CLANG_WARN_INT_CONVERSION = YES;
				CLANG_WARN_OBJC_ROOT_CLASS = YES_ERROR;
				CLANG_WARN_UNREACHABLE_CODE = YES;
				CLANG_WARN__DUPLICATE_METHOD_MATCH = YES;
				CODE_SIGN_IDENTITY = "-";
				COPY_PHASE_STRIP = YES;
				DEBUG_INFORMATION_FORMAT = "dwarf-with-dsym";
				ENABLE_NS_ASSERTIONS = NO;
				ENABLE_STRICT_OBJC_MSGSEND = YES;
				GCC_C_LANGUAGE_STANDARD = gnu99;
				GCC_WARN_64_TO_32_BIT_CONVERSION = YES;
				GCC_WARN_ABOUT_RETURN_TYPE = YES_ERROR;
				GCC_WARN_UNDECLARED_SELECTOR = YES;
				GCC_WARN_UNINITIALIZED_AUTOS = YES_AGGRESSIVE;
				GCC_WARN_UNUSED_FUNCTION = YES;
				GCC_WARN_UNUSED_VARIABLE = YES;
				MACOSX_DEPLOYMENT_TARGET = 10.9;
				MTL_ENABLE_DEBUG_INFO = NO;
				SDKROOT = macosx;
			};
			name = Release;
		};
		AD654AD119AB763B00E28307 /* Debug */ = {
			isa = XCBuildConfiguration;
			buildSettings = {
				ASSETCATALOG_COMPILER_APPICON_NAME = AppIcon;
				COMBINE_HIDPI_IMAGES = YES;
				INFOPLIST_FILE = BarmaidHelper/Info.plist;
				LD_RUNPATH_SEARCH_PATHS = "$(inherited) @executable_path/../Frameworks";
				PRODUCT_NAME = "$(TARGET_NAME)";
			};
			name = Debug;
		};
		AD654AD219AB763B00E28307 /* Release */ = {
			isa = XCBuildConfiguration;
			buildSettings = {
				ASSETCATALOG_COMPILER_APPICON_NAME = AppIcon;
				COMBINE_HIDPI_IMAGES = YES;
				INFOPLIST_FILE = BarmaidHelper/Info.plist;
				LD_RUNPATH_SEARCH_PATHS = "$(inherited) @executable_path/../Frameworks";
				PRODUCT_NAME = "$(TARGET_NAME)";
			};
			name = Release;
		};
		AD654AD419AB763B00E28307 /* Debug */ = {
			isa = XCBuildConfiguration;
			buildSettings = {
				BUNDLE_LOADER = "$(TEST_HOST)";
				COMBINE_HIDPI_IMAGES = YES;
				FRAMEWORK_SEARCH_PATHS = (
					"$(DEVELOPER_FRAMEWORKS_DIR)",
					"$(inherited)",
				);
				GCC_PREPROCESSOR_DEFINITIONS = (
					"DEBUG=1",
					"$(inherited)",
				);
				INFOPLIST_FILE = BarmaidHelperTests/Info.plist;
				LD_RUNPATH_SEARCH_PATHS = "$(inherited) @executable_path/../Frameworks @loader_path/../Frameworks";
				PRODUCT_NAME = "$(TARGET_NAME)";
				TEST_HOST = "$(BUILT_PRODUCTS_DIR)/BarmaidHelper.app/Contents/MacOS/BarmaidHelper";
			};
			name = Debug;
		};
		AD654AD519AB763B00E28307 /* Release */ = {
			isa = XCBuildConfiguration;
			buildSettings = {
				BUNDLE_LOADER = "$(TEST_HOST)";
				COMBINE_HIDPI_IMAGES = YES;
				FRAMEWORK_SEARCH_PATHS = (
					"$(DEVELOPER_FRAMEWORKS_DIR)",
					"$(inherited)",
				);
				INFOPLIST_FILE = BarmaidHelperTests/Info.plist;
				LD_RUNPATH_SEARCH_PATHS = "$(inherited) @executable_path/../Frameworks @loader_path/../Frameworks";
				PRODUCT_NAME = "$(TARGET_NAME)";
				TEST_HOST = "$(BUILT_PRODUCTS_DIR)/BarmaidHelper.app/Contents/MacOS/BarmaidHelper";
			};
			name = Release;
		};
/* End XCBuildConfiguration section */

/* Begin XCConfigurationList section */
		AD654AAF19AB763A00E28307 /* Build configuration list for PBXProject "BarmaidHelper" */ = {
			isa = XCConfigurationList;
			buildConfigurations = (
				AD654ACE19AB763B00E28307 /* Debug */,
				AD654ACF19AB763B00E28307 /* Release */,
			);
			defaultConfigurationIsVisible = 0;
			defaultConfigurationName = Release;
		};
		AD654AD019AB763B00E28307 /* Build configuration list for PBXNativeTarget "BarmaidHelper" */ = {
			isa = XCConfigurationList;
			buildConfigurations = (
				AD654AD119AB763B00E28307 /* Debug */,
				AD654AD219AB763B00E28307 /* Release */,
			);
			defaultConfigurationIsVisible = 0;
		};
		AD654AD319AB763B00E28307 /* Build configuration list for PBXNativeTarget "BarmaidHelperTests" */ = {
			isa = XCConfigurationList;
			buildConfigurations = (
				AD654AD419AB763B00E28307 /* Debug */,
				AD654AD519AB763B00E28307 /* Release */,
			);
			defaultConfigurationIsVisible = 0;
		};
/* End XCConfigurationList section */
	};
	rootObject = AD654AAC19AB763A00E28307 /* Project object */;
}
